// !$*UTF8*$!
{
	archiveVersion = 1;
	classes = {
	};
	objectVersion = 56;
	objects = {

/* Begin PBXBuildFile section */
		A1234567890ABCDEF1234560 /* DeviceManager.swift in Sources */ = {isa = PBXBuildFile; fileRef = A1234567890ABCDEF1234561 /* DeviceManager.swift */; };
		A1234567890ABCDEF1234564 /* Assets.xcassets in Resources */ = {isa = PBXBuildFile; fileRef = A1234567890ABCDEF1234565 /* Assets.xcassets */; };
		A1234567890ABCDEF123456A /* (null) in Sources */ = {isa = PBXBuildFile; };
		A1MAIN000000000000000002 /* LifehackApp.swift in Sources */ = {isa = PBXBuildFile; fileRef = A1MAIN000000000000000001 /* LifehackApp.swift */; };
		ACTPYR000000000000001 /* Components/ActivityPyramid.swift in Sources */ = {isa = PBXBuildFile; fileRef = ACTPYR000000000000000 /* Components/ActivityPyramid.swift */; };
		ADVAICH000000000000001 /* Components/AdvancedAICoachCard.swift in Sources */ = {isa = PBXBuildFile; fileRef = ADVAICH000000000000000 /* Components/AdvancedAICoachCard.swift */; };
		ADVHLTH000000000000001 /* Components/AdvancedHealthCard.swift in Sources */ = {isa = PBXBuildFile; fileRef = ADVHLTH000000000000000 /* Components/AdvancedHealthCard.swift */; };
		ADVSTDY000000000000001 /* Components/AdvancedStudyCard.swift in Sources */ = {isa = PBXBuildFile; fileRef = ADVSTDY000000000000000 /* Components/AdvancedStudyCard.swift */; };
		ADVTRND000000000000001 /* Components/AdvancedTrendsCard.swift in Sources */ = {isa = PBXBuildFile; fileRef = ADVTRND000000000000000 /* Components/AdvancedTrendsCard.swift */; };
		ACTLVL000000000000001 /* Models/ActivityLevel.swift in Sources */ = {isa = PBXBuildFile; fileRef = ACTLVL000000000000000 /* Models/ActivityLevel.swift */; };
		APPGRUP000000000000001 /* Config/AppGroup.swift in Sources */ = {isa = PBXBuildFile; fileRef = APPGRUP000000000000000 /* Config/AppGroup.swift */; };
		APPICON000000000000001 /* Utils/AppIconManager.swift in Sources */ = {isa = PBXBuildFile; fileRef = APPICON000000000000000 /* Utils/AppIconManager.swift */; };
		BATTPAL000000000000001 /* Components/BatteryPaletteRing.swift in Sources */ = {isa = PBXBuildFile; fileRef = BATTPAL000000000000000 /* Components/BatteryPaletteRing.swift */; };
		BKMKSTR000000000000001 /* Services/BookmarkStore.swift in Sources */ = {isa = PBXBuildFile; fileRef = BKMKSTR000000000000000 /* Services/BookmarkStore.swift */; };
		BOOTST000000000000001 /* AppBootstrap.swift in Sources */ = {isa = PBXBuildFile; fileRef = BOOTST000000000000000 /* AppBootstrap.swift */; };
		CHATMDL000000000000001 /* Models/ChatModels.swift in Sources */ = {isa = PBXBuildFile; fileRef = CHATMDL000000000000000 /* Models/ChatModels.swift */; };
		CHATSVC000000000000001 /* Services/ChatService.swift in Sources */ = {isa = PBXBuildFile; fileRef = CHATSVC000000000000000 /* Services/ChatService.swift */; };
		CNTNT000000000000000001 /* ContentView.swift in Sources */ = {isa = PBXBuildFile; fileRef = CNTNT000000000000000000 /* ContentView.swift */; };
		COACH000000000000000001 /* Models/CoachEngineManager.swift in Sources */ = {isa = PBXBuildFile; fileRef = COACH000000000000000000 /* Models/CoachEngineManager.swift */; };
		COACHENG000000000000001 /* Models/CoachEngine.swift in Sources */ = {isa = PBXBuildFile; fileRef = COACHENG000000000000000 /* Models/CoachEngine.swift */; };
		COACHGV000000000000001 /* Features/Coach/CoachingView.swift in Sources */ = {isa = PBXBuildFile; fileRef = COACHGV000000000000000 /* Features/Coach/CoachingView.swift */; };
		COACHSET00000000000001 /* Features/Settings/CoachEngineSettingsView.swift in Sources */ = {isa = PBXBuildFile; fileRef = COACHSET00000000000000 /* Features/Settings/CoachEngineSettingsView.swift */; };
		COACHV000000000000001 /* Features/Coach/CoachView.swift in Sources */ = {isa = PBXBuildFile; fileRef = COACHV000000000000000 /* Features/Coach/CoachView.swift */; };
		COACHVM000000000000001 /* Features/Coach/CoachVM.swift in Sources */ = {isa = PBXBuildFile; fileRef = COACHVM000000000000000 /* Features/Coach/CoachVM.swift */; };
		DEVFLG000000000000001 /* Services/DeveloperFlags.swift in Sources */ = {isa = PBXBuildFile; fileRef = DEVFLG000000000000000 /* Services/DeveloperFlags.swift */; };
		DLYSTDY000000000000001 /* Services/DailyStudyService.swift in Sources */ = {isa = PBXBuildFile; fileRef = DLYSTDY000000000000000 /* Services/DailyStudyService.swift */; };
		FEED4B592E9A5CC50014C2B5 /* AdvancedActivityCard.swift in Sources */ = {isa = PBXBuildFile; fileRef = FEED4B582E9A5CC50014C2B5 /* AdvancedActivityCard.swift */; };
		FEED4B5B2E9A5D050014C2B5 /* AdvancedSleepCard.swift in Sources */ = {isa = PBXBuildFile; fileRef = FEED4B5A2E9A5D050014C2B5 /* AdvancedSleepCard.swift */; };
		GLSCARD000000000000001 /* Components/GlassCard.swift in Sources */ = {isa = PBXBuildFile; fileRef = GLSCARD000000000000000 /* Components/GlassCard.swift */; };
		HAPTCS000000000000001 /* Services/HapticsManager.swift in Sources */ = {isa = PBXBuildFile; fileRef = HAPTCS000000000000000 /* Services/HapticsManager.swift */; };
		HLTHKIT000000000000001 /* Services/HealthKitService.swift in Sources */ = {isa = PBXBuildFile; fileRef = HLTHKIT000000000000000 /* Services/HealthKitService.swift */; };
		HLTHKT000000000000000001 /* HealthKit.framework in Frameworks */ = {isa = PBXBuildFile; fileRef = HLTHKT000000000000000000 /* HealthKit.framework */; };
		HRVSTUD000000000000001 /* Data/HRVStudies.swift in Sources */ = {isa = PBXBuildFile; fileRef = HRVSTUD000000000000000 /* Data/HRVStudies.swift */; };
		JOURNV000000000000001 /* Features/Journal/JournalView.swift in Sources */ = {isa = PBXBuildFile; fileRef = JOURNV000000000000000 /* Features/Journal/JournalView.swift */; };
		KEYCHN000000000000001 /* Services/Security/Keychain.swift in Sources */ = {isa = PBXBuildFile; fileRef = KEYCHN000000000000000 /* Services/Security/Keychain.swift */; };
		METCRDV000000000000001 /* Views/MetricCardView.swift in Sources */ = {isa = PBXBuildFile; fileRef = METCRDV000000000000000 /* Views/MetricCardView.swift */; };
		METRICS000000000000001 /* Models/MetricModels.swift in Sources */ = {isa = PBXBuildFile; fileRef = METRICS000000000000000 /* Models/MetricModels.swift */; };
		METRNG000000000000001 /* Components/MetricRing.swift in Sources */ = {isa = PBXBuildFile; fileRef = METRNG000000000000000 /* Components/MetricRing.swift */; };
		NOTIF00000000000000001 /* Services/NotificationsManager.swift in Sources */ = {isa = PBXBuildFile; fileRef = NOTIF00000000000000000 /* Services/NotificationsManager.swift */; };
		NUTRIV000000000000001 /* Features/Nutrition/NutritionView.swift in Sources */ = {isa = PBXBuildFile; fileRef = NUTRIV000000000000000 /* Features/Nutrition/NutritionView.swift */; };
		OAICHAT000000000000001 /* Services/OpenAIChatCompletionsService.swift in Sources */ = {isa = PBXBuildFile; fileRef = OAICHAT000000000000000 /* Services/OpenAIChatCompletionsService.swift */; };
		OAICHAT2000000000000001 /* Services/OpenAIChatService.swift in Sources */ = {isa = PBXBuildFile; fileRef = OAICHAT2000000000000000 /* Services/OpenAIChatService.swift */; };
		OAIRESP000000000000001 /* Services/OpenAIResponsesService.swift in Sources */ = {isa = PBXBuildFile; fileRef = OAIRESP000000000000000 /* Services/OpenAIResponsesService.swift */; };
		OFFHEUR000000000000001 /* Services/OfflineHeuristicsService.swift in Sources */ = {isa = PBXBuildFile; fileRef = OFFHEUR000000000000000 /* Services/OfflineHeuristicsService.swift */; };
		PRIVAC000000000000001 /* Features/Profile/PrivacySettingsView.swift in Sources */ = {isa = PBXBuildFile; fileRef = PRIVAC000000000000000 /* Features/Profile/PrivacySettingsView.swift */; };
		PROFIV000000000000001 /* Features/Profile/ProfileView.swift in Sources */ = {isa = PBXBuildFile; fileRef = PROFIV000000000000000 /* Features/Profile/ProfileView.swift */; };
		ROOTT000000000000000001 /* RootTabView.swift in Sources */ = {isa = PBXBuildFile; fileRef = ROOTT000000000000000000 /* RootTabView.swift */; };
		SECRTS000000000000001 /* Services/Secrets.swift in Sources */ = {isa = PBXBuildFile; fileRef = SECRTS000000000000000 /* Services/Secrets.swift */; };
		SECSTR000000000000001 /* Services/SecureStore.swift in Sources */ = {isa = PBXBuildFile; fileRef = SECSTR000000000000000 /* Services/SecureStore.swift */; };
		SETTGV000000000000001 /* Features/Settings/SettingsView.swift in Sources */ = {isa = PBXBuildFile; fileRef = SETTGV000000000000000 /* Features/Settings/SettingsView.swift */; };
		SHRKEYS000000000000001 /* Config/SharedKeys.swift in Sources */ = {isa = PBXBuildFile; fileRef = SHRKEYS000000000000000 /* Config/SharedKeys.swift */; };
		SLPSVC000000000000001 /* Services/SleepService.swift in Sources */ = {isa = PBXBuildFile; fileRef = SLPSVC000000000000000 /* Services/SleepService.swift */; };
		SSE0000000000000000001 /* Services/SSE.swift in Sources */ = {isa = PBXBuildFile; fileRef = SSE0000000000000000000 /* Services/SSE.swift */; };
		STARSLP000000000000001 /* Components/StarrySleepCard.swift in Sources */ = {isa = PBXBuildFile; fileRef = STARSLP000000000000000 /* Components/StarrySleepCard.swift */; };
		STATE000000000000000001 /* AppState.swift in Sources */ = {isa = PBXBuildFile; fileRef = STATE000000000000000000 /* AppState.swift */; };
		STRGAUG000000000000001 /* Components/StressGauge.swift in Sources */ = {isa = PBXBuildFile; fileRef = STRGAUG000000000000000 /* Components/StressGauge.swift */; };
		STRMCV000000000000001 /* Features/Coach/StreamingCoachView.swift in Sources */ = {isa = PBXBuildFile; fileRef = STRMCV000000000000000 /* Features/Coach/StreamingCoachView.swift */; };
		STUDY00000000000000001 /* Models/Study.swift in Sources */ = {isa = PBXBuildFile; fileRef = STUDY00000000000000000 /* Models/Study.swift */; };
		STUDYREC000000000000001 /* Services/StudyRecommender.swift in Sources */ = {isa = PBXBuildFile; fileRef = STUDYREC000000000000000 /* Services/StudyRecommender.swift */; };
		STUDYV000000000000001 /* Features/Studies/StudiesView.swift in Sources */ = {isa = PBXBuildFile; fileRef = STUDYV000000000000000 /* Features/Studies/StudiesView.swift */; };
		THEME000000000000000001 /* AppTheme.swift in Sources */ = {isa = PBXBuildFile; fileRef = THEME000000000000000000 /* AppTheme.swift */; };
		TODAYV000000000000001 /* Features/Today/TodayView.swift in Sources */ = {isa = PBXBuildFile; fileRef = TODAYV000000000000000 /* Features/Today/TodayView.swift */; };
		TOKENCTR000000000000001 /* Services/TokenCounter.swift in Sources */ = {isa = PBXBuildFile; fileRef = TOKENCTR000000000000000 /* Services/TokenCounter.swift */; };
		TRENDSV000000000000001 /* Features/Trends/TrendsView.swift in Sources */ = {isa = PBXBuildFile; fileRef = TRENDSV000000000000000 /* Features/Trends/TrendsView.swift */; };
		USERME000000000000001 /* Features/Profile/UserMetricsView.swift in Sources */ = {isa = PBXBuildFile; fileRef = USERME000000000000000 /* Features/Profile/UserMetricsView.swift */; };
		ZODIAC000000000000001 /* Utils/Zodiac.swift in Sources */ = {isa = PBXBuildFile; fileRef = ZODIAC000000000000000 /* Utils/Zodiac.swift */; };
/* End PBXBuildFile section */

/* Begin PBXFileReference section */
		A1234567890ABCDEF1234561 /* DeviceManager.swift */ = {isa = PBXFileReference; lastKnownFileType = sourcecode.swift; path = DeviceManager.swift; sourceTree = "<group>"; };
		A1234567890ABCDEF1234565 /* Assets.xcassets */ = {isa = PBXFileReference; lastKnownFileType = folder.assetcatalog; path = Assets.xcassets; sourceTree = "<group>"; };
		A1234567890ABCDEF1234568 /* LifehackApp.app */ = {isa = PBXFileReference; explicitFileType = wrapper.application; includeInIndex = 0; path = LifehackApp.app; sourceTree = BUILT_PRODUCTS_DIR; };
		A1234567890ABCDEF1234569 /* Info.plist */ = {isa = PBXFileReference; lastKnownFileType = text.plist.xml; path = Info.plist; sourceTree = "<group>"; };
		A1MAIN000000000000000001 /* LifehackApp.swift */ = {isa = PBXFileReference; lastKnownFileType = sourcecode.swift; path = LifehackApp.swift; sourceTree = "<group>"; };
		ACTPYR000000000000000 /* Components/ActivityPyramid.swift */ = {isa = PBXFileReference; lastKnownFileType = sourcecode.swift; path = Components/ActivityPyramid.swift; sourceTree = "<group>"; };
		ADVAICH000000000000000 /* Components/AdvancedAICoachCard.swift */ = {isa = PBXFileReference; lastKnownFileType = sourcecode.swift; path = Components/AdvancedAICoachCard.swift; sourceTree = "<group>"; };
		ADVHLTH000000000000000 /* Components/AdvancedHealthCard.swift */ = {isa = PBXFileReference; lastKnownFileType = sourcecode.swift; path = Components/AdvancedHealthCard.swift; sourceTree = "<group>"; };
		ADVSTDY000000000000000 /* Components/AdvancedStudyCard.swift */ = {isa = PBXFileReference; lastKnownFileType = sourcecode.swift; path = Components/AdvancedStudyCard.swift; sourceTree = "<group>"; };
		ADVTRND000000000000000 /* Components/AdvancedTrendsCard.swift */ = {isa = PBXFileReference; lastKnownFileType = sourcecode.swift; path = Components/AdvancedTrendsCard.swift; sourceTree = "<group>"; };
		APPGRUP000000000000000 /* Config/AppGroup.swift */ = {isa = PBXFileReference; lastKnownFileType = sourcecode.swift; path = Config/AppGroup.swift; sourceTree = "<group>"; };
		APPICON000000000000000 /* Utils/AppIconManager.swift */ = {isa = PBXFileReference; lastKnownFileType = sourcecode.swift; path = Utils/AppIconManager.swift; sourceTree = "<group>"; };
		BATTPAL000000000000000 /* Components/BatteryPaletteRing.swift */ = {isa = PBXFileReference; lastKnownFileType = sourcecode.swift; path = Components/BatteryPaletteRing.swift; sourceTree = "<group>"; };
		BKMKSTR000000000000000 /* Services/BookmarkStore.swift */ = {isa = PBXFileReference; lastKnownFileType = sourcecode.swift; path = Services/BookmarkStore.swift; sourceTree = "<group>"; };
		BOOTST000000000000000 /* AppBootstrap.swift */ = {isa = PBXFileReference; lastKnownFileType = sourcecode.swift; path = AppBootstrap.swift; sourceTree = "<group>"; };
		C0DEC0DEC0DEC0DEC0DEC0D1 /* Config/Signing.xcconfig */ = {isa = PBXFileReference; lastKnownFileType = text.xcconfig; path = Config/Signing.xcconfig; sourceTree = SOURCE_ROOT; };
		CHATMDL000000000000000 /* Models/ChatModels.swift */ = {isa = PBXFileReference; lastKnownFileType = sourcecode.swift; path = Models/ChatModels.swift; sourceTree = "<group>"; };
		ACTLVL000000000000000 /* Models/ActivityLevel.swift */ = {isa = PBXFileReference; lastKnownFileType = sourcecode.swift; path = Models/ActivityLevel.swift; sourceTree = "<group>"; };
		CHATSVC000000000000000 /* Services/ChatService.swift */ = {isa = PBXFileReference; lastKnownFileType = sourcecode.swift; path = Services/ChatService.swift; sourceTree = "<group>"; };
		CNTNT000000000000000000 /* ContentView.swift */ = {isa = PBXFileReference; lastKnownFileType = sourcecode.swift; path = ContentView.swift; sourceTree = "<group>"; };
		COACH000000000000000000 /* Models/CoachEngineManager.swift */ = {isa = PBXFileReference; lastKnownFileType = sourcecode.swift; path = Models/CoachEngineManager.swift; sourceTree = "<group>"; };
		COACHENG000000000000000 /* Models/CoachEngine.swift */ = {isa = PBXFileReference; lastKnownFileType = sourcecode.swift; path = Models/CoachEngine.swift; sourceTree = "<group>"; };
		COACHGV000000000000000 /* Features/Coach/CoachingView.swift */ = {isa = PBXFileReference; lastKnownFileType = sourcecode.swift; path = Features/Coach/CoachingView.swift; sourceTree = "<group>"; };
		COACHSET00000000000000 /* Features/Settings/CoachEngineSettingsView.swift */ = {isa = PBXFileReference; lastKnownFileType = sourcecode.swift; path = Features/Settings/CoachEngineSettingsView.swift; sourceTree = "<group>"; };
		COACHV000000000000000 /* Features/Coach/CoachView.swift */ = {isa = PBXFileReference; lastKnownFileType = sourcecode.swift; path = Features/Coach/CoachView.swift; sourceTree = "<group>"; };
		COACHVM000000000000000 /* Features/Coach/CoachVM.swift */ = {isa = PBXFileReference; lastKnownFileType = sourcecode.swift; path = Features/Coach/CoachVM.swift; sourceTree = "<group>"; };
		DEVFLG000000000000000 /* Services/DeveloperFlags.swift */ = {isa = PBXFileReference; lastKnownFileType = sourcecode.swift; path = Services/DeveloperFlags.swift; sourceTree = "<group>"; };
		DLYSTDY000000000000000 /* Services/DailyStudyService.swift */ = {isa = PBXFileReference; lastKnownFileType = sourcecode.swift; path = Services/DailyStudyService.swift; sourceTree = "<group>"; };
		ENTITL000000000000000000 /* LifehackApp.entitlements */ = {isa = PBXFileReference; lastKnownFileType = text.plist.entitlements; path = LifehackApp.entitlements; sourceTree = "<group>"; };
		FEED4B582E9A5CC50014C2B5 /* AdvancedActivityCard.swift */ = {isa = PBXFileReference; lastKnownFileType = sourcecode.swift; path = AdvancedActivityCard.swift; sourceTree = "<group>"; };
		FEED4B5A2E9A5D050014C2B5 /* AdvancedSleepCard.swift */ = {isa = PBXFileReference; lastKnownFileType = sourcecode.swift; path = AdvancedSleepCard.swift; sourceTree = "<group>"; };
		GLSCARD000000000000000 /* Components/GlassCard.swift */ = {isa = PBXFileReference; lastKnownFileType = sourcecode.swift; path = Components/GlassCard.swift; sourceTree = "<group>"; };
		HAPTCS000000000000000 /* Services/HapticsManager.swift */ = {isa = PBXFileReference; lastKnownFileType = sourcecode.swift; path = Services/HapticsManager.swift; sourceTree = "<group>"; };
		HLTHKIT000000000000000 /* Services/HealthKitService.swift */ = {isa = PBXFileReference; lastKnownFileType = sourcecode.swift; path = Services/HealthKitService.swift; sourceTree = "<group>"; };
		HLTHKT000000000000000000 /* HealthKit.framework */ = {isa = PBXFileReference; lastKnownFileType = wrapper.framework; name = HealthKit.framework; path = System/Library/Frameworks/HealthKit.framework; sourceTree = SDKROOT; };
		HRVSTUD000000000000000 /* Data/HRVStudies.swift */ = {isa = PBXFileReference; lastKnownFileType = sourcecode.swift; path = Data/HRVStudies.swift; sourceTree = "<group>"; };
		JOURNV000000000000000 /* Features/Journal/JournalView.swift */ = {isa = PBXFileReference; lastKnownFileType = sourcecode.swift; path = Features/Journal/JournalView.swift; sourceTree = "<group>"; };
		KEYCHN000000000000000 /* Services/Security/Keychain.swift */ = {isa = PBXFileReference; lastKnownFileType = sourcecode.swift; path = Services/Security/Keychain.swift; sourceTree = "<group>"; };
		METCRDV000000000000000 /* Views/MetricCardView.swift */ = {isa = PBXFileReference; lastKnownFileType = sourcecode.swift; path = Views/MetricCardView.swift; sourceTree = "<group>"; };
		METRICS000000000000000 /* Models/MetricModels.swift */ = {isa = PBXFileReference; lastKnownFileType = sourcecode.swift; path = Models/MetricModels.swift; sourceTree = "<group>"; };
		METRNG000000000000000 /* Components/MetricRing.swift */ = {isa = PBXFileReference; lastKnownFileType = sourcecode.swift; path = Components/MetricRing.swift; sourceTree = "<group>"; };
		NOTIF00000000000000000 /* Services/NotificationsManager.swift */ = {isa = PBXFileReference; lastKnownFileType = sourcecode.swift; path = Services/NotificationsManager.swift; sourceTree = "<group>"; };
		NUTRIV000000000000000 /* Features/Nutrition/NutritionView.swift */ = {isa = PBXFileReference; lastKnownFileType = sourcecode.swift; path = Features/Nutrition/NutritionView.swift; sourceTree = "<group>"; };
		OAICHAT000000000000000 /* Services/OpenAIChatCompletionsService.swift */ = {isa = PBXFileReference; lastKnownFileType = sourcecode.swift; path = Services/OpenAIChatCompletionsService.swift; sourceTree = "<group>"; };
		OAICHAT2000000000000000 /* Services/OpenAIChatService.swift */ = {isa = PBXFileReference; lastKnownFileType = sourcecode.swift; path = Services/OpenAIChatService.swift; sourceTree = "<group>"; };
		OAICLIENT000000000000 /* Services/OpenAIClient.swift */ = {isa = PBXFileReference; lastKnownFileType = sourcecode.swift; path = Services/OpenAIClient.swift; sourceTree = "<group>"; };
		OAIRESP000000000000000 /* Services/OpenAIResponsesService.swift */ = {isa = PBXFileReference; lastKnownFileType = sourcecode.swift; path = Services/OpenAIResponsesService.swift; sourceTree = "<group>"; };
		OFFHEUR000000000000000 /* Services/OfflineHeuristicsService.swift */ = {isa = PBXFileReference; lastKnownFileType = sourcecode.swift; path = Services/OfflineHeuristicsService.swift; sourceTree = "<group>"; };
		PRIVAC000000000000000 /* Features/Profile/PrivacySettingsView.swift */ = {isa = PBXFileReference; lastKnownFileType = sourcecode.swift; path = Features/Profile/PrivacySettingsView.swift; sourceTree = "<group>"; };
		PROFIV000000000000000 /* Features/Profile/ProfileView.swift */ = {isa = PBXFileReference; lastKnownFileType = sourcecode.swift; path = Features/Profile/ProfileView.swift; sourceTree = "<group>"; };
		ROOTT000000000000000000 /* RootTabView.swift */ = {isa = PBXFileReference; lastKnownFileType = sourcecode.swift; path = RootTabView.swift; sourceTree = "<group>"; };
		SECRTS000000000000000 /* Services/Secrets.swift */ = {isa = PBXFileReference; lastKnownFileType = sourcecode.swift; path = Services/Secrets.swift; sourceTree = "<group>"; };
		SECSTR000000000000000 /* Services/SecureStore.swift */ = {isa = PBXFileReference; lastKnownFileType = sourcecode.swift; path = Services/SecureStore.swift; sourceTree = "<group>"; };
		SETTGV000000000000000 /* Features/Settings/SettingsView.swift */ = {isa = PBXFileReference; lastKnownFileType = sourcecode.swift; path = Features/Settings/SettingsView.swift; sourceTree = "<group>"; };
		SHRKEYS000000000000000 /* Config/SharedKeys.swift */ = {isa = PBXFileReference; lastKnownFileType = sourcecode.swift; path = Config/SharedKeys.swift; sourceTree = "<group>"; };
		SLPSVC000000000000000 /* Services/SleepService.swift */ = {isa = PBXFileReference; lastKnownFileType = sourcecode.swift; path = Services/SleepService.swift; sourceTree = "<group>"; };
		SSE0000000000000000000 /* Services/SSE.swift */ = {isa = PBXFileReference; lastKnownFileType = sourcecode.swift; path = Services/SSE.swift; sourceTree = "<group>"; };
		STARSLP000000000000000 /* Components/StarrySleepCard.swift */ = {isa = PBXFileReference; lastKnownFileType = sourcecode.swift; path = Components/StarrySleepCard.swift; sourceTree = "<group>"; };
		STATE000000000000000000 /* AppState.swift */ = {isa = PBXFileReference; lastKnownFileType = sourcecode.swift; path = AppState.swift; sourceTree = "<group>"; };
		STRGAUG000000000000000 /* Components/StressGauge.swift */ = {isa = PBXFileReference; lastKnownFileType = sourcecode.swift; path = Components/StressGauge.swift; sourceTree = "<group>"; };
		STRMCV000000000000000 /* Features/Coach/StreamingCoachView.swift */ = {isa = PBXFileReference; lastKnownFileType = sourcecode.swift; path = Features/Coach/StreamingCoachView.swift; sourceTree = "<group>"; };
		STUDY00000000000000000 /* Models/Study.swift */ = {isa = PBXFileReference; lastKnownFileType = sourcecode.swift; path = Models/Study.swift; sourceTree = "<group>"; };
		STUDYREC000000000000000 /* Services/StudyRecommender.swift */ = {isa = PBXFileReference; lastKnownFileType = sourcecode.swift; path = Services/StudyRecommender.swift; sourceTree = "<group>"; };
		STUDYV000000000000000 /* Features/Studies/StudiesView.swift */ = {isa = PBXFileReference; lastKnownFileType = sourcecode.swift; path = Features/Studies/StudiesView.swift; sourceTree = "<group>"; };
		THEME000000000000000000 /* AppTheme.swift */ = {isa = PBXFileReference; lastKnownFileType = sourcecode.swift; path = AppTheme.swift; sourceTree = "<group>"; };
		TODAYV000000000000000 /* Features/Today/TodayView.swift */ = {isa = PBXFileReference; lastKnownFileType = sourcecode.swift; path = Features/Today/TodayView.swift; sourceTree = "<group>"; };
		TOKENCTR000000000000000 /* Services/TokenCounter.swift */ = {isa = PBXFileReference; lastKnownFileType = sourcecode.swift; path = Services/TokenCounter.swift; sourceTree = "<group>"; };
		TRENDSV000000000000000 /* Features/Trends/TrendsView.swift */ = {isa = PBXFileReference; lastKnownFileType = sourcecode.swift; path = Features/Trends/TrendsView.swift; sourceTree = "<group>"; };
		USERME000000000000000 /* Features/Profile/UserMetricsView.swift */ = {isa = PBXFileReference; lastKnownFileType = sourcecode.swift; path = Features/Profile/UserMetricsView.swift; sourceTree = "<group>"; };
		ZODIAC000000000000000 /* Utils/Zodiac.swift */ = {isa = PBXFileReference; lastKnownFileType = sourcecode.swift; path = Utils/Zodiac.swift; sourceTree = "<group>"; };
/* End PBXFileReference section */

/* Begin PBXFrameworksBuildPhase section */
		A1234567890ABCDEF1234570 /* Frameworks */ = {
			isa = PBXFrameworksBuildPhase;
			buildActionMask = 2147483647;
			files = (
				HLTHKT000000000000000001 /* HealthKit.framework in Frameworks */,
			);
			runOnlyForDeploymentPostprocessing = 0;
		};
/* End PBXFrameworksBuildPhase section */

/* Begin PBXGroup section */
		A1234567890ABCDEF1234571 = {
			isa = PBXGroup;
			children = (
				C0DEC0DEC0DEC0DEC0DEC0D2 /* Config */,
				A1234567890ABCDEF1234572 /* LifehackApp */,
				A1234567890ABCDEF1234573 /* Products */,
				FRAMEWK000000000000000 /* Frameworks */,
			);
			sourceTree = "<group>";
		};
		A1234567890ABCDEF1234572 /* LifehackApp */ = {
			isa = PBXGroup;
			children = (
				A1MAIN000000000000000001 /* LifehackApp.swift */,
				ENTITL000000000000000000 /* LifehackApp.entitlements */,
				COACH000000000000000000 /* Models/CoachEngineManager.swift */,
				THEME000000000000000000 /* AppTheme.swift */,
				ROOTT000000000000000000 /* RootTabView.swift */,
				STATE000000000000000000 /* AppState.swift */,
				CNTNT000000000000000000 /* ContentView.swift */,
				BOOTST000000000000000 /* AppBootstrap.swift */,
				METRICS000000000000000 /* Models/MetricModels.swift */,
				ACTLVL000000000000000 /* Models/ActivityLevel.swift */,
				COACHENG000000000000000 /* Models/CoachEngine.swift */,
				CHATMDL000000000000000 /* Models/ChatModels.swift */,
				CHATSVC000000000000000 /* Services/ChatService.swift */,
				SHRKEYS000000000000000 /* Config/SharedKeys.swift */,
				APPGRUP000000000000000 /* Config/AppGroup.swift */,
				SECRTS000000000000000 /* Services/Secrets.swift */,
				KEYCHN000000000000000 /* Services/Security/Keychain.swift */,
				HAPTCS000000000000000 /* Services/HapticsManager.swift */,
				OFFHEUR000000000000000 /* Services/OfflineHeuristicsService.swift */,
				HLTHKIT000000000000000 /* Services/HealthKitService.swift */,
				NOTIF00000000000000000 /* Services/NotificationsManager.swift */,
				BKMKSTR000000000000000 /* Services/BookmarkStore.swift */,
				STUDY00000000000000000 /* Models/Study.swift */,
				HRVSTUD000000000000000 /* Data/HRVStudies.swift */,
				STUDYREC000000000000000 /* Services/StudyRecommender.swift */,
				GLSCARD000000000000000 /* Components/GlassCard.swift */,
				STRGAUG000000000000000 /* Components/StressGauge.swift */,
				BATTPAL000000000000000 /* Components/BatteryPaletteRing.swift */,
				STARSLP000000000000000 /* Components/StarrySleepCard.swift */,
				FEED4B5A2E9A5D050014C2B5 /* AdvancedSleepCard.swift */,
				ACTPYR000000000000000 /* Components/ActivityPyramid.swift */,
				FEED4B582E9A5CC50014C2B5 /* AdvancedActivityCard.swift */,
				METRNG000000000000000 /* Components/MetricRing.swift */,
				TODAYV000000000000000 /* Features/Today/TodayView.swift */,
				STUDYV000000000000000 /* Features/Studies/StudiesView.swift */,
				SETTGV000000000000000 /* Features/Settings/SettingsView.swift */,
				PROFIV000000000000000 /* Features/Profile/ProfileView.swift */,
				USERME000000000000000 /* Features/Profile/UserMetricsView.swift */,
				PRIVAC000000000000000 /* Features/Profile/PrivacySettingsView.swift */,
				TRENDSV000000000000000 /* Features/Trends/TrendsView.swift */,
				JOURNV000000000000000 /* Features/Journal/JournalView.swift */,
				NUTRIV000000000000000 /* Features/Nutrition/NutritionView.swift */,
				COACHV000000000000000 /* Features/Coach/CoachView.swift */,
				COACHGV000000000000000 /* Features/Coach/CoachingView.swift */,
				STRMCV000000000000000 /* Features/Coach/StreamingCoachView.swift */,
				COACHVM000000000000000 /* Features/Coach/CoachVM.swift */,
				COACHSET00000000000000 /* Features/Settings/CoachEngineSettingsView.swift */,
				ADVHLTH000000000000000 /* Components/AdvancedHealthCard.swift */,
				ADVTRND000000000000000 /* Components/AdvancedTrendsCard.swift */,
				ADVSTDY000000000000000 /* Components/AdvancedStudyCard.swift */,
				ADVAICH000000000000000 /* Components/AdvancedAICoachCard.swift */,
				APPICON000000000000000 /* Utils/AppIconManager.swift */,
				ZODIAC000000000000000 /* Utils/Zodiac.swift */,
				OAICHAT2000000000000000 /* Services/OpenAIChatService.swift */,
				OAICLIENT000000000000 /* Services/OpenAIClient.swift */,
				SSE0000000000000000000 /* Services/SSE.swift */,
				TOKENCTR000000000000000 /* Services/TokenCounter.swift */,
				SECSTR000000000000000 /* Services/SecureStore.swift */,
				DEVFLG000000000000000 /* Services/DeveloperFlags.swift */,
				SLPSVC000000000000000 /* Services/SleepService.swift */,
				OAIRESP000000000000000 /* Services/OpenAIResponsesService.swift */,
				DLYSTDY000000000000000 /* Services/DailyStudyService.swift */,
				OAICHAT000000000000000 /* Services/OpenAIChatCompletionsService.swift */,
				METCRDV000000000000000 /* Views/MetricCardView.swift */,
				A1234567890ABCDEF1234561 /* DeviceManager.swift */,
				A1234567890ABCDEF1234565 /* Assets.xcassets */,
				A1234567890ABCDEF1234569 /* Info.plist */,
			);
			path = LifehackApp;
			sourceTree = "<group>";
		};
		A1234567890ABCDEF1234573 /* Products */ = {
			isa = PBXGroup;
			children = (
				A1234567890ABCDEF1234568 /* LifehackApp.app */,
			);
			name = Products;
			sourceTree = "<group>";
		};
		C0DEC0DEC0DEC0DEC0DEC0D2 /* Config */ = {
			isa = PBXGroup;
			children = (
				C0DEC0DEC0DEC0DEC0DEC0D1 /* Config/Signing.xcconfig */,
			);
			path = Config;
			sourceTree = "<group>";
		};
		FRAMEWK000000000000000 /* Frameworks */ = {
			isa = PBXGroup;
			children = (
				HLTHKT000000000000000000 /* HealthKit.framework */,
			);
			name = Frameworks;
			sourceTree = "<group>";
		};
/* End PBXGroup section */

/* Begin PBXNativeTarget section */
		A1234567890ABCDEF1234574 /* LifehackApp */ = {
			isa = PBXNativeTarget;
			buildConfigurationList = A1234567890ABCDEF1234575 /* Build configuration list for PBXNativeTarget "LifehackApp" */;
			buildPhases = (
				A1234567890ABCDEF1234576 /* Sources */,
				A1234567890ABCDEF1234570 /* Frameworks */,
				A1234567890ABCDEF1234577 /* Resources */,
			);
			buildRules = (
			);
			dependencies = (
			);
			name = LifehackApp;
			productName = LifehackApp;
			productReference = A1234567890ABCDEF1234568 /* LifehackApp.app */;
			productType = "com.apple.product-type.application";
		};
/* End PBXNativeTarget section */

/* Begin PBXProject section */
		A1234567890ABCDEF1234578 /* Project object */ = {
			isa = PBXProject;
			attributes = {
				BuildIndependentTargetsInParallel = 1;
				LastSwiftUpdateCheck = 1500;
				LastUpgradeCheck = 1610;
				TargetAttributes = {
					A1234567890ABCDEF1234574 = {
						CreatedOnToolsVersion = 15.0;
					};
				};
			};
			buildConfigurationList = A1234567890ABCDEF1234579 /* Build configuration list for PBXProject "LifehackApp" */;
			compatibilityVersion = "Xcode 14.0";
			developmentRegion = en;
			hasScannedForEncodings = 0;
			knownRegions = (
				en,
				Base,
			);
			mainGroup = A1234567890ABCDEF1234571;
			productRefGroup = A1234567890ABCDEF1234573 /* Products */;
			projectDirPath = "";
			projectRoot = "";
			targets = (
				A1234567890ABCDEF1234574 /* LifehackApp */,
			);
		};
/* End PBXProject section */

/* Begin PBXResourcesBuildPhase section */
		A1234567890ABCDEF1234577 /* Resources */ = {
			isa = PBXResourcesBuildPhase;
			buildActionMask = 2147483647;
			files = (
				A1234567890ABCDEF1234564 /* Assets.xcassets in Resources */,
			);
			runOnlyForDeploymentPostprocessing = 0;
		};
/* End PBXResourcesBuildPhase section */

/* Begin PBXSourcesBuildPhase section */
		A1234567890ABCDEF1234576 /* Sources */ = {
			isa = PBXSourcesBuildPhase;
			buildActionMask = 2147483647;
			files = (
				A1234567890ABCDEF1234560 /* DeviceManager.swift in Sources */,
				A1234567890ABCDEF123456A /* (null) in Sources */,
				A1MAIN000000000000000002 /* LifehackApp.swift in Sources */,
				COACH000000000000000001 /* Models/CoachEngineManager.swift in Sources */,
				THEME000000000000000001 /* AppTheme.swift in Sources */,
				FEED4B5B2E9A5D050014C2B5 /* AdvancedSleepCard.swift in Sources */,
				ROOTT000000000000000001 /* RootTabView.swift in Sources */,
				STATE000000000000000001 /* AppState.swift in Sources */,
				CNTNT000000000000000001 /* ContentView.swift in Sources */,
				COACHENG000000000000001 /* Models/CoachEngine.swift in Sources */,
				CHATMDL000000000000001 /* Models/ChatModels.swift in Sources */,
				CHATSVC000000000000001 /* Services/ChatService.swift in Sources */,
				SHRKEYS000000000000001 /* Config/SharedKeys.swift in Sources */,
				APPGRUP000000000000001 /* Config/AppGroup.swift in Sources */,
				SECRTS000000000000001 /* Services/Secrets.swift in Sources */,
				KEYCHN000000000000001 /* Services/Security/Keychain.swift in Sources */,
				HAPTCS000000000000001 /* Services/HapticsManager.swift in Sources */,
				OFFHEUR000000000000001 /* Services/OfflineHeuristicsService.swift in Sources */,
				HLTHKIT000000000000001 /* Services/HealthKitService.swift in Sources */,
				FEED4B592E9A5CC50014C2B5 /* AdvancedActivityCard.swift in Sources */,
				NOTIF00000000000000001 /* Services/NotificationsManager.swift in Sources */,
				BKMKSTR000000000000001 /* Services/BookmarkStore.swift in Sources */,
				STUDY00000000000000001 /* Models/Study.swift in Sources */,
				HRVSTUD000000000000001 /* Data/HRVStudies.swift in Sources */,
				STUDYREC000000000000001 /* Services/StudyRecommender.swift in Sources */,
				GLSCARD000000000000001 /* Components/GlassCard.swift in Sources */,
				STRGAUG000000000000001 /* Components/StressGauge.swift in Sources */,
				BATTPAL000000000000001 /* Components/BatteryPaletteRing.swift in Sources */,
				STARSLP000000000000001 /* Components/StarrySleepCard.swift in Sources */,
				ACTPYR000000000000001 /* Components/ActivityPyramid.swift in Sources */,
				METRNG000000000000001 /* Components/MetricRing.swift in Sources */,
				TODAYV000000000000001 /* Features/Today/TodayView.swift in Sources */,
				STUDYV000000000000001 /* Features/Studies/StudiesView.swift in Sources */,
				SETTGV000000000000001 /* Features/Settings/SettingsView.swift in Sources */,
				PROFIV000000000000001 /* Features/Profile/ProfileView.swift in Sources */,
				USERME000000000000001 /* Features/Profile/UserMetricsView.swift in Sources */,
				PRIVAC000000000000001 /* Features/Profile/PrivacySettingsView.swift in Sources */,
				TRENDSV000000000000001 /* Features/Trends/TrendsView.swift in Sources */,
				JOURNV000000000000001 /* Features/Journal/JournalView.swift in Sources */,
				NUTRIV000000000000001 /* Features/Nutrition/NutritionView.swift in Sources */,
				COACHV000000000000001 /* Features/Coach/CoachView.swift in Sources */,
				COACHGV000000000000001 /* Features/Coach/CoachingView.swift in Sources */,
				STRMCV000000000000001 /* Features/Coach/StreamingCoachView.swift in Sources */,
				COACHVM000000000000001 /* Features/Coach/CoachVM.swift in Sources */,
				COACHSET00000000000001 /* Features/Settings/CoachEngineSettingsView.swift in Sources */,
				ADVHLTH000000000000001 /* Components/AdvancedHealthCard.swift in Sources */,
				ADVTRND000000000000001 /* Components/AdvancedTrendsCard.swift in Sources */,
				ADVSTDY000000000000001 /* Components/AdvancedStudyCard.swift in Sources */,
				ADVAICH000000000000001 /* Components/AdvancedAICoachCard.swift in Sources */,
				APPICON000000000000001 /* Utils/AppIconManager.swift in Sources */,
				ZODIAC000000000000001 /* Utils/Zodiac.swift in Sources */,
				OAICHAT2000000000000001 /* Services/OpenAIChatService.swift in Sources */,
				SSE0000000000000000001 /* Services/SSE.swift in Sources */,
				TOKENCTR000000000000001 /* Services/TokenCounter.swift in Sources */,
				SECSTR000000000000001 /* Services/SecureStore.swift in Sources */,
				DEVFLG000000000000001 /* Services/DeveloperFlags.swift in Sources */,
				SLPSVC000000000000001 /* Services/SleepService.swift in Sources */,
				OAIRESP000000000000001 /* Services/OpenAIResponsesService.swift in Sources */,
				OAICHAT000000000000001 /* Services/OpenAIChatCompletionsService.swift in Sources */,
				DLYSTDY000000000000001 /* Services/DailyStudyService.swift in Sources */,
				BOOTST000000000000001 /* AppBootstrap.swift in Sources */,
				METRICS000000000000001 /* Models/MetricModels.swift in Sources */,
				ACTLVL000000000000001 /* Models/ActivityLevel.swift in Sources */,
				METCRDV000000000000001 /* Views/MetricCardView.swift in Sources */,
			);
			runOnlyForDeploymentPostprocessing = 0;
		};
/* End PBXSourcesBuildPhase section */

/* Begin XCBuildConfiguration section */
		A1234567890ABCDEF1234580 /* Debug */ = {
			isa = XCBuildConfiguration;
			buildSettings = {
				ALWAYS_SEARCH_USER_PATHS = NO;
				ASSETCATALOG_COMPILER_GENERATE_SWIFT_ASSET_SYMBOL_EXTENSIONS = YES;
				CLANG_ANALYZER_NONNULL = YES;
				CLANG_ANALYZER_NUMBER_OBJECT_CONVERSION = YES_AGGRESSIVE;
				CLANG_CXX_LANGUAGE_STANDARD = "gnu++20";
				CLANG_ENABLE_MODULES = YES;
				CLANG_ENABLE_OBJC_ARC = YES;
				CLANG_ENABLE_OBJC_WEAK = YES;
				CLANG_WARN_BLOCK_CAPTURE_AUTORELEASING = YES;
				CLANG_WARN_BOOL_CONVERSION = YES;
				CLANG_WARN_COMMA = YES;
				CLANG_WARN_CONSTANT_CONVERSION = YES;
				CLANG_WARN_DEPRECATED_OBJC_IMPLEMENTATIONS = YES;
				CLANG_WARN_DIRECT_OBJC_ISA_USAGE = YES_ERROR;
				CLANG_WARN_DOCUMENTATION_COMMENTS = YES;
				CLANG_WARN_EMPTY_BODY = YES;
				CLANG_WARN_ENUM_CONVERSION = YES;
				CLANG_WARN_INFINITE_RECURSION = YES;
				CLANG_WARN_INT_CONVERSION = YES;
				CLANG_WARN_NON_LITERAL_NULL_CONVERSION = YES;
				CLANG_WARN_OBJC_IMPLICIT_RETAIN_SELF = YES;
				CLANG_WARN_OBJC_LITERAL_CONVERSION = YES;
				CLANG_WARN_OBJC_ROOT_CLASS = YES_ERROR;
				CLANG_WARN_QUOTED_INCLUDE_IN_FRAMEWORK_HEADER = YES;
				CLANG_WARN_RANGE_LOOP_ANALYSIS = YES;
				CLANG_WARN_STRICT_PROTOTYPES = YES;
				CLANG_WARN_SUSPICIOUS_MOVE = YES;
				CLANG_WARN_UNGUARDED_AVAILABILITY = YES_AGGRESSIVE;
				CLANG_WARN_UNREACHABLE_CODE = YES;
				CLANG_WARN__DUPLICATE_METHOD_MATCH = YES;
				COPY_PHASE_STRIP = NO;
				DEAD_CODE_STRIPPING = YES;
				DEBUG_INFORMATION_FORMAT = dwarf;
				ENABLE_STRICT_OBJC_MSGSEND = YES;
				ENABLE_TESTABILITY = YES;
				ENABLE_USER_SCRIPT_SANDBOXING = YES;
				GCC_C_LANGUAGE_STANDARD = gnu17;
				GCC_DYNAMIC_NO_PIC = NO;
				GCC_NO_COMMON_BLOCKS = YES;
				GCC_OPTIMIZATION_LEVEL = 0;
				GCC_PREPROCESSOR_DEFINITIONS = (
					"DEBUG=1",
					"$(inherited)",
				);
				GCC_WARN_64_TO_32_BIT_CONVERSION = YES;
				GCC_WARN_ABOUT_RETURN_TYPE = YES_ERROR;
				GCC_WARN_UNDECLARED_SELECTOR = YES;
				GCC_WARN_UNINITIALIZED_AUTOS = YES_AGGRESSIVE;
				GCC_WARN_UNUSED_FUNCTION = YES;
				GCC_WARN_UNUSED_VARIABLE = YES;
				IPHONEOS_DEPLOYMENT_TARGET = 17.0;
				LOCALIZATION_PREFERS_STRING_CATALOGS = YES;
				MTL_ENABLE_DEBUG_INFO = INCLUDE_SOURCE;
				MTL_FAST_MATH = YES;
				ONLY_ACTIVE_ARCH = YES;
				SDKROOT = iphoneos;
				SWIFT_ACTIVE_COMPILATION_CONDITIONS = "DEBUG $(inherited)";
				SWIFT_OPTIMIZATION_LEVEL = "-Onone";
			};
			name = Debug;
		};
		A1234567890ABCDEF1234581 /* Release */ = {
			isa = XCBuildConfiguration;
			buildSettings = {
				ALWAYS_SEARCH_USER_PATHS = NO;
				ASSETCATALOG_COMPILER_GENERATE_SWIFT_ASSET_SYMBOL_EXTENSIONS = YES;
				CLANG_ANALYZER_NONNULL = YES;
				CLANG_ANALYZER_NUMBER_OBJECT_CONVERSION = YES_AGGRESSIVE;
				CLANG_CXX_LANGUAGE_STANDARD = "gnu++20";
				CLANG_ENABLE_MODULES = YES;
				CLANG_ENABLE_OBJC_ARC = YES;
				CLANG_ENABLE_OBJC_WEAK = YES;
				CLANG_WARN_BLOCK_CAPTURE_AUTORELEASING = YES;
				CLANG_WARN_BOOL_CONVERSION = YES;
				CLANG_WARN_COMMA = YES;
				CLANG_WARN_CONSTANT_CONVERSION = YES;
				CLANG_WARN_DEPRECATED_OBJC_IMPLEMENTATIONS = YES;
				CLANG_WARN_DIRECT_OBJC_ISA_USAGE = YES_ERROR;
				CLANG_WARN_DOCUMENTATION_COMMENTS = YES;
				CLANG_WARN_EMPTY_BODY = YES;
				CLANG_WARN_ENUM_CONVERSION = YES;
				CLANG_WARN_INFINITE_RECURSION = YES;
				CLANG_WARN_INT_CONVERSION = YES;
				CLANG_WARN_NON_LITERAL_NULL_CONVERSION = YES;
				CLANG_WARN_OBJC_IMPLICIT_RETAIN_SELF = YES;
				CLANG_WARN_OBJC_LITERAL_CONVERSION = YES;
				CLANG_WARN_OBJC_ROOT_CLASS = YES_ERROR;
				CLANG_WARN_QUOTED_INCLUDE_IN_FRAMEWORK_HEADER = YES;
				CLANG_WARN_RANGE_LOOP_ANALYSIS = YES;
				CLANG_WARN_STRICT_PROTOTYPES = YES;
				CLANG_WARN_SUSPICIOUS_MOVE = YES;
				CLANG_WARN_UNGUARDED_AVAILABILITY = YES_AGGRESSIVE;
				CLANG_WARN_UNREACHABLE_CODE = YES;
				CLANG_WARN__DUPLICATE_METHOD_MATCH = YES;
				COPY_PHASE_STRIP = NO;
				DEAD_CODE_STRIPPING = YES;
				DEBUG_INFORMATION_FORMAT = "dwarf-with-dsym";
				ENABLE_NS_ASSERTIONS = NO;
				ENABLE_STRICT_OBJC_MSGSEND = YES;
				ENABLE_USER_SCRIPT_SANDBOXING = YES;
				GCC_C_LANGUAGE_STANDARD = gnu17;
				GCC_NO_COMMON_BLOCKS = YES;
				GCC_WARN_64_TO_32_BIT_CONVERSION = YES;
				GCC_WARN_ABOUT_RETURN_TYPE = YES_ERROR;
				GCC_WARN_UNDECLARED_SELECTOR = YES;
				GCC_WARN_UNINITIALIZED_AUTOS = YES_AGGRESSIVE;
				GCC_WARN_UNUSED_FUNCTION = YES;
				GCC_WARN_UNUSED_VARIABLE = YES;
				IPHONEOS_DEPLOYMENT_TARGET = 17.0;
				LOCALIZATION_PREFERS_STRING_CATALOGS = YES;
				MTL_ENABLE_DEBUG_INFO = NO;
				MTL_FAST_MATH = YES;
				SDKROOT = iphoneos;
				SWIFT_COMPILATION_MODE = wholemodule;
				VALIDATE_PRODUCT = YES;
			};
			name = Release;
		};
		A1234567890ABCDEF1234582 /* Debug */ = {
			isa = XCBuildConfiguration;
			buildSettings = {
				ASSETCATALOG_COMPILER_APPICON_NAME = AppIcon;
				ASSETCATALOG_COMPILER_GLOBAL_ACCENT_COLOR_NAME = AccentColor;
				BASE_CONFIGURATION_REFERENCE = C0DEC0DEC0DEC0DEC0DEC0D1;
				CODE_SIGN_ENTITLEMENTS = LifehackApp/LifehackApp.entitlements;
				CODE_SIGN_STYLE = Automatic;
				CURRENT_PROJECT_VERSION = 1;
				DEVELOPMENT_TEAM = CTQ236WDL9;
				GENERATE_INFOPLIST_FILE = YES;
				INFOPLIST_FILE = LifehackApp/Info.plist;
				INFOPLIST_KEY_UIApplicationSupportsIndirectInputEvents = YES;
				INFOPLIST_KEY_UILaunchStoryboardName = LaunchScreen;
				INFOPLIST_KEY_UIMainStoryboardFile = "";
				INFOPLIST_KEY_UISupportedInterfaceOrientations_iPad = "UIInterfaceOrientationPortrait UIInterfaceOrientationPortraitUpsideDown UIInterfaceOrientationLandscapeLeft UIInterfaceOrientationLandscapeRight";
				INFOPLIST_KEY_UISupportedInterfaceOrientations_iPhone = "UIInterfaceOrientationPortrait UIInterfaceOrientationLandscapeLeft UIInterfaceOrientationLandscapeRight";
				IPHONEOS_DEPLOYMENT_TARGET = 17.0;
				LD_RUNPATH_SEARCH_PATHS = (
					"$(inherited)",
					"@executable_path/Frameworks",
				);
				MARKETING_VERSION = 1.0;
				PRODUCT_BUNDLE_IDENTIFIER = com.lifehack.LifehackApp;
				PRODUCT_NAME = "$(TARGET_NAME)";
				SUPPORTED_PLATFORMS = "iphoneos iphonesimulator";
				SUPPORTS_MACCATALYST = NO;
				SUPPORTS_MAC_DESIGNED_FOR_IPHONE_IPAD = NO;
				SWIFT_EMIT_LOC_STRINGS = YES;
				SWIFT_VERSION = 5.0;
				TARGETED_DEVICE_FAMILY = "1,2";
			};
			name = Debug;
		};
		A1234567890ABCDEF1234583 /* Release */ = {
			isa = XCBuildConfiguration;
			buildSettings = {
				ASSETCATALOG_COMPILER_APPICON_NAME = AppIcon;
				ASSETCATALOG_COMPILER_GLOBAL_ACCENT_COLOR_NAME = AccentColor;
				BASE_CONFIGURATION_REFERENCE = C0DEC0DEC0DEC0DEC0DEC0D1;
				CODE_SIGN_ENTITLEMENTS = LifehackApp/LifehackApp.entitlements;
				CODE_SIGN_STYLE = Automatic;
				CURRENT_PROJECT_VERSION = 1;
				DEVELOPMENT_TEAM = CTQ236WDL9;
				GENERATE_INFOPLIST_FILE = YES;
				INFOPLIST_FILE = LifehackApp/Info.plist;
				INFOPLIST_KEY_UIApplicationSupportsIndirectInputEvents = YES;
				INFOPLIST_KEY_UILaunchStoryboardName = LaunchScreen;
				INFOPLIST_KEY_UIMainStoryboardFile = "";
				INFOPLIST_KEY_UISupportedInterfaceOrientations_iPad = "UIInterfaceOrientationPortrait UIInterfaceOrientationPortraitUpsideDown UIInterfaceOrientationLandscapeLeft UIInterfaceOrientationLandscapeRight";
				INFOPLIST_KEY_UISupportedInterfaceOrientations_iPhone = "UIInterfaceOrientationPortrait UIInterfaceOrientationLandscapeLeft UIInterfaceOrientationLandscapeRight";
				IPHONEOS_DEPLOYMENT_TARGET = 17.0;
				LD_RUNPATH_SEARCH_PATHS = (
					"$(inherited)",
					"@executable_path/Frameworks",
				);
				MARKETING_VERSION = 1.0;
				PRODUCT_BUNDLE_IDENTIFIER = com.lifehack.LifehackApp;
				PRODUCT_NAME = "$(TARGET_NAME)";
				SUPPORTED_PLATFORMS = "iphoneos iphonesimulator";
				SUPPORTS_MACCATALYST = NO;
				SUPPORTS_MAC_DESIGNED_FOR_IPHONE_IPAD = NO;
				SWIFT_EMIT_LOC_STRINGS = YES;
				SWIFT_VERSION = 5.0;
				TARGETED_DEVICE_FAMILY = "1,2";
			};
			name = Release;
		};
/* End XCBuildConfiguration section */

/* Begin XCConfigurationList section */
		A1234567890ABCDEF1234575 /* Build configuration list for PBXNativeTarget "LifehackApp" */ = {
			isa = XCConfigurationList;
			buildConfigurations = (
				A1234567890ABCDEF1234582 /* Debug */,
				A1234567890ABCDEF1234583 /* Release */,
			);
			defaultConfigurationIsVisible = 0;
			defaultConfigurationName = Release;
		};
		A1234567890ABCDEF1234579 /* Build configuration list for PBXProject "LifehackApp" */ = {
			isa = XCConfigurationList;
			buildConfigurations = (
				A1234567890ABCDEF1234580 /* Debug */,
				A1234567890ABCDEF1234581 /* Release */,
			);
			defaultConfigurationIsVisible = 0;
			defaultConfigurationName = Release;
		};
/* End XCConfigurationList section */
	};
	rootObject = A1234567890ABCDEF1234578 /* Project object */;
}
